<Solution>
  <Folder Name="/src/">
    <Project Path="src/Modules/Spracher.Modules.Exercises/Spracher.Modules.Exercises.csproj" />
    <Project Path="src/Modules/Spracher.Modules.IdentityAccess/Spracher.Modules.IdentityAccess.csproj" />
    <Project Path="src/Modules/Spracher.Modules.Languages/Spracher.Modules.Languages.csproj" />
    <Project Path="src/Modules/Spracher.Modules.Vocabulary/Spracher.Modules.Vocabulary.csproj" />
    <Project Path="src/Spracher.Api/Spracher.Api.csproj" />
    <Project Path="src/Spracher.BuildingBlocks/Spracher.BuildingBlocks.csproj" />
    <Project Path="src/Spracher.Contracts/Spracher.Contracts.csproj" />
    <Project Path="src/Spracher.IdentityModel/Spracher.IdentityModel.csproj" />
    <Project Path="src/Spracher.Persistence/Spracher.Persistence.csproj" />
    <Project Path="src/Spracher.Web/Spracher.Web.csproj" />
  </Folder>
  <Folder Name="/src/Modules/" />
  <Folder Name="/tests/">
    <Project Path="tests/Spracher.Api.IntegrationTests/Spracher.Api.IntegrationTests.csproj" />
    <Project Path="tests/Spracher.ArchitectureTests/Spracher.ArchitectureTests.csproj" />
    <Project Path="tests/Spracher.IdentityModel.UnitTests/Spracher.IdentityModel.UnitTests.csproj" />
  </Folder>
  <Folder Name="/tests/Modules/">
    <Project Path="tests/Modules/Spracher.Modules.Exercises.UnitTests/Spracher.Modules.Exercises.UnitTests.csproj" />
    <Project Path="tests/Modules/Spracher.Modules.Languages.UnitTests/Spracher.Modules.Languages.UnitTests.csproj" />
    <Project Path="tests/Modules/Spracher.Modules.Vocabulary.UnitTests/Spracher.Modules.Vocabulary.UnitTests.csproj" />
  </Folder>
</Solution>
